# This file is autogenerated, do not edit; changes may be undone by the next 'dep ensure'.


[[projects]]
  branch = "master"
  name = "github.com/ftrvxmtrx/fd"
  packages = ["."]
  revision = "c6d800382fff6dc1412f34269f71b7f83bd059ad"

[[projects]]
  branch = "master"
  name = "github.com/problame/go-rwccmd"
  packages = ["."]
  revision = "459ad908b400977c19ddce3c82f9d611709bff2e"

[solve-meta]
  analyzer-name = "dep"
  analyzer-version = 1
  inputs-digest = "6d17a42f91382af72cfb4bd411be2c6d65631890a152ad97b3f0bfab45ef8f1b"
  solver-name = "gps-cdcl"
  solver-version = 1
